
Microsoft Visual Studio Solution File, Format Version 12.00
# Visual Studio Version 17
VisualStudioVersion = 17.1.32407.343
MinimumVisualStudioVersion = 10.0.40219.1
Project("{FAE04EC0-301F-11D3-BF4B-00C04F79EFBC}") = "Z1", "Z1\Z1.csproj", "{B89F7A9C-7315-48C8-853C-3A6059AE6223}"
EndProject
Project("{FAE04EC0-301F-11D3-BF4B-00C04F79EFBC}") = "MyMath", "MyMath\MyMath.csproj", "{1A0F41B8-B2B1-41FB-8D15-3E8512533FB6}"
EndProject
Project("{FAE04EC0-301F-11D3-BF4B-00C04F79EFBC}") = "Z2", "Z2\Z2.csproj", "{2970EFE1-D4A8-41D3-BD99-89E5D5F6ACAC}"
EndProject
Project("{FAE04EC0-301F-11D3-BF4B-00C04F79EFBC}") = "Z3", "Z3\Z3.csproj", "{50C97E01-8FA6-4D5E-96AE-CCBC33F2536B}"
EndProject
Project("{FAE04EC0-301F-11D3-BF4B-00C04F79EFBC}") = "Z4", "Z4\Z4.csproj", "{CE6C1085-1312-40F1-A79A-A33D72AAFDA1}"
EndProject
Global
	GlobalSection(SolutionConfigurationPlatforms) = preSolution
		Debug|Any CPU = Debug|Any CPU
		Release|Any CPU = Release|Any CPU
	EndGlobalSection
	GlobalSection(ProjectConfigurationPlatforms) = postSolution
		{B89F7A9C-7315-48C8-853C-3A6059AE6223}.Debug|Any CPU.ActiveCfg = Debug|Any CPU
		{B89F7A9C-7315-48C8-853C-3A6059AE6223}.Debug|Any CPU.Build.0 = Debug|Any CPU
		{B89F7A9C-7315-48C8-853C-3A6059AE6223}.Release|Any CPU.ActiveCfg = Release|Any CPU
		{B89F7A9C-7315-48C8-853C-3A6059AE6223}.Release|Any CPU.Build.0 = Release|Any CPU
		{1A0F41B8-B2B1-41FB-8D15-3E8512533FB6}.Debug|Any CPU.ActiveCfg = Debug|Any CPU
		{1A0F41B8-B2B1-41FB-8D15-3E8512533FB6}.Debug|Any CPU.Build.0 = Debug|Any CPU
		{1A0F41B8-B2B1-41FB-8D15-3E8512533FB6}.Release|Any CPU.ActiveCfg = Release|Any CPU
		{1A0F41B8-B2B1-41FB-8D15-3E8512533FB6}.Release|Any CPU.Build.0 = Release|Any CPU
		{2970EFE1-D4A8-41D3-BD99-89E5D5F6ACAC}.Debug|Any CPU.ActiveCfg = Debug|Any CPU
		{2970EFE1-D4A8-41D3-BD99-89E5D5F6ACAC}.Debug|Any CPU.Build.0 = Debug|Any CPU
		{2970EFE1-D4A8-41D3-BD99-89E5D5F6ACAC}.Release|Any CPU.ActiveCfg = Release|Any CPU
		{2970EFE1-D4A8-41D3-BD99-89E5D5F6ACAC}.Release|Any CPU.Build.0 = Release|Any CPU
		{50C97E01-8FA6-4D5E-96AE-CCBC33F2536B}.Debug|Any CPU.ActiveCfg = Debug|Any CPU
		{50C97E01-8FA6-4D5E-96AE-CCBC33F2536B}.Debug|Any CPU.Build.0 = Debug|Any CPU
		{50C97E01-8FA6-4D5E-96AE-CCBC33F2536B}.Release|Any CPU.ActiveCfg = Release|Any CPU
		{50C97E01-8FA6-4D5E-96AE-CCBC33F2536B}.Release|Any CPU.Build.0 = Release|Any CPU
		{CE6C1085-1312-40F1-A79A-A33D72AAFDA1}.Debug|Any CPU.ActiveCfg = Debug|Any CPU
		{CE6C1085-1312-40F1-A79A-A33D72AAFDA1}.Debug|Any CPU.Build.0 = Debug|Any CPU
		{CE6C1085-1312-40F1-A79A-A33D72AAFDA1}.Release|Any CPU.ActiveCfg = Release|Any CPU
		{CE6C1085-1312-40F1-A79A-A33D72AAFDA1}.Release|Any CPU.Build.0 = Release|Any CPU
	EndGlobalSection
	GlobalSection(SolutionProperties) = preSolution
		HideSolutionNode = FALSE
	EndGlobalSection
	GlobalSection(ExtensibilityGlobals) = postSolution
		SolutionGuid = {D4559D24-7414-4181-ACDC-A535EE18FFBE}
	EndGlobalSection
EndGlobal
